
Microsoft Visual Studio Solution File, Format Version 12.00
# Visual Studio 15
VisualStudioVersion = 15.0.27004.2008
MinimumVisualStudioVersion = 10.0.40219.1
Project("{8BC9CEB8-8B4A-11D0-8D11-00A0C91BC942}") = "zephyr", "zephyr\zephyr.vcxproj", "{ED51C3BC-59DA-480D-BFAC-12D608EFFC0B}"
EndProject
Project("{8BC9CEB8-8B4A-11D0-8D11-00A0C91BC942}") = "zephyr.graphics", "zephyr.graphics\zephyr.graphics.vcxproj", "{CAB9CACE-5FD9-475F-AAE3-59812DEB13E4}"
EndProject
Project("{8BC9CEB8-8B4A-11D0-8D11-00A0C91BC942}") = "zephyr.graphics.dx11", "zephyr.graphics.dx11\zephyr.graphics.dx11.vcxproj", "{431B81A2-3C12-4C6A-B9C2-B4DA680FB940}"
EndProject
Project("{8BC9CEB8-8B4A-11D0-8D11-00A0C91BC942}") = "test.zephyr", "test.zephyr\test.zephyr.vcxproj", "{7A1E2E8A-F7CD-4122-AB34-5A459ED23080}"
EndProject
Project("{8BC9CEB8-8B4A-11D0-8D11-00A0C91BC942}") = "test.zephyr.graphics.dx11", "test.zephyr.graphics.dx11\test.zephyr.graphics.dx11.vcxproj", "{59BBB853-AA0B-4598-ACB4-D29B26F9ED14}"
EndProject
Project("{8BC9CEB8-8B4A-11D0-8D11-00A0C91BC942}") = "test.zephyr.graphics.dx11.instancing", "test.zephyr.graphics.dx11.instancing\test.zephyr.graphics.dx11.instancing.vcxproj", "{136CCD48-7389-4CEF-99CC-F384B6C79B6C}"
EndProject
Project("{8BC9CEB8-8B4A-11D0-8D11-00A0C91BC942}") = "zephyr.collision", "zephyr.collision\zephyr.collision.vcxproj", "{0515D525-8987-43BF-A8D6-2B7D21762DA3}"
EndProject
Project("{8BC9CEB8-8B4A-11D0-8D11-00A0C91BC942}") = "zephyr.input", "zephyr.input\zephyr.input.vcxproj", "{7DF22F33-CEA7-4FB8-BFB2-361DEEC4C1B0}"
EndProject
Project("{8BC9CEB8-8B4A-11D0-8D11-00A0C91BC942}") = "zephyr.sound", "zephyr.sound\zephyr.sound.vcxproj", "{D8025F38-E371-408E-BA44-561EB161B8C4}"
EndProject
Project("{8BC9CEB8-8B4A-11D0-8D11-00A0C91BC942}") = "zephyr.gamesystem", "zephyr.gamesystem\zephyr.gamesystem.vcxproj", "{D2C2B484-49DD-40E0-9CFB-39EF026A9762}"
EndProject
Project("{8BC9CEB8-8B4A-11D0-8D11-00A0C91BC942}") = "zephyr.gamesystem.components", "zephyr.gamesystem.components\zephyr.gamesystem.components.vcxproj", "{7DB64F06-0ECC-46DB-B683-E3FCA98BCBA5}"
EndProject
Project("{8BC9CEB8-8B4A-11D0-8D11-00A0C91BC942}") = "test.zephyr.gamesystem", "test.zephyr.gamesystem\test.zephyr.gamesystem.vcxproj", "{5E9A8866-592B-4632-A500-ED803E2ADBF1}"
EndProject
Project("{8BC9CEB8-8B4A-11D0-8D11-00A0C91BC942}") = "test.zephyr.collision", "test.zephyr.collision\test.zephyr.collision.vcxproj", "{D09D55C7-20A3-4A51-91E0-E47EF48CFDB4}"
EndProject
Project("{8BC9CEB8-8B4A-11D0-8D11-00A0C91BC942}") = "zephyr.linalg", "zephyr.linalg\zephyr.linalg.vcxproj", "{C33EA45F-4A32-4E17-95C8-7B9E7BF8441A}"
EndProject
Project("{8BC9CEB8-8B4A-11D0-8D11-00A0C91BC942}") = "test.zephyr.input", "test.zephyr.input\test.zephyr.input.vcxproj", "{8E585C15-0A4E-40DD-9822-AC1C18078308}"
EndProject
Project("{8BC9CEB8-8B4A-11D0-8D11-00A0C91BC942}") = "zephyr.filesystem", "zephyr.filesystem\zephyr.filesystem.vcxproj", "{7EACF798-C525-4C61-A62B-9FC4BAD602E8}"
EndProject
Project("{8BC9CEB8-8B4A-11D0-8D11-00A0C91BC942}") = "test.zephyr.filesystem", "test.zephyr.filesystem\test.zephyr.filesystem.vcxproj", "{54FBFAC4-1BFD-48B1-A406-197E3E2ED0F5}"
EndProject
Project("{8BC9CEB8-8B4A-11D0-8D11-00A0C91BC942}") = "ZephyrSharp", "ZephyrSharp\ZephyrSharp.vcxproj", "{E750C230-C7A1-44AD-AC58-FFCCAA5FFEBF}"
EndProject
Project("{8BC9CEB8-8B4A-11D0-8D11-00A0C91BC942}") = "ZephyrSharp.Linalg", "ZephyrSharp.Linalg\ZephyrSharp.Linalg.vcxproj", "{F9BC3A40-9B61-49A3-A1F2-1ED0600616A9}"
EndProject
Project("{8BC9CEB8-8B4A-11D0-8D11-00A0C91BC942}") = "ZephyrSharp.Graphics", "ZephyrSharp.Graphics\ZephyrSharp.Graphics.vcxproj", "{8B2006F7-69DE-482C-906F-5E38B4EC6ADF}"
EndProject
Project("{8BC9CEB8-8B4A-11D0-8D11-00A0C91BC942}") = "ZephyrSharp.Graphics.DX11", "ZephyrSharp.Graphics.DX11\ZephyrSharp.Graphics.DX11.vcxproj", "{2BE099B4-7B8B-452E-A861-745C896028E4}"
EndProject
Project("{8BC9CEB8-8B4A-11D0-8D11-00A0C91BC942}") = "ZephyrSharp.Input", "ZephyrSharp.Input\ZephyrSharp.Input.vcxproj", "{217FF6BB-F080-440A-8CC2-556148C8AFFF}"
EndProject
Project("{8BC9CEB8-8B4A-11D0-8D11-00A0C91BC942}") = "ZephyrSharp.Sound", "ZephyrSharp.Sound\ZephyrSharp.Sound.vcxproj", "{0672D936-1E69-4650-AA92-393E59B803B0}"
EndProject
Project("{FAE04EC0-301F-11D3-BF4B-00C04F79EFBC}") = "ZephyrSharp.Scripting", "ZephyrSharp.Scripting\ZephyrSharp.Scripting.csproj", "{A7ABC948-34AD-4B47-9751-342231835D47}"
EndProject
Project("{7CF6DF6D-3B04-46F8-A40B-537D21BCA0B4}") = "Online Documents", "Online Documents\Online Documents.shfbproj", "{DE34854B-4AAF-4CFE-8FFF-191FF49C58D1}"
EndProject
Project("{8BC9CEB8-8B4A-11D0-8D11-00A0C91BC942}") = "ZephyrSharp.GameSystem", "ZephyrSharp.GameSystem\ZephyrSharp.GameSystem.vcxproj", "{99CA7DF9-19BE-4AE4-A454-C64096CA9335}"
EndProject
Project("{8BC9CEB8-8B4A-11D0-8D11-00A0C91BC942}") = "ZephyrSharp.GameSystem.Components", "ZephyrSharp.GameSystem.Components\ZephyrSharp.GameSystem.Components.vcxproj", "{0A40C054-BBAC-4E39-BBCD-89B060D84CDF}"
EndProject
Project("{8BC9CEB8-8B4A-11D0-8D11-00A0C91BC942}") = "ZephyrSharp.Collision", "ZephyrSharp.Collision\ZephyrSharp.Collision.vcxproj", "{3F4B0CD1-50CB-4724-8F29-D08C6DCC936B}"
EndProject
Project("{FAE04EC0-301F-11D3-BF4B-00C04F79EFBC}") = "cssc", "cssc\cssc.csproj", "{FDC225AB-21F8-4959-98D7-372E19972D1B}"
EndProject
Project("{FAE04EC0-301F-11D3-BF4B-00C04F79EFBC}") = "ZephyrTools.CommandRunner", "ZephyrTools.CommandRunner\ZephyrTools.CommandRunner.csproj", "{62184A5B-F46B-4CFB-A52D-E36116968877}"
EndProject
Project("{FAE04EC0-301F-11D3-BF4B-00C04F79EFBC}") = "ZephyrTools.GameSystemMonitor", "ZephyrTools.GameSystemMonitor\ZephyrTools.GameSystemMonitor.csproj", "{011010DD-53E9-4C4A-924F-FF83390C9499}"
EndProject
Project("{FAE04EC0-301F-11D3-BF4B-00C04F79EFBC}") = "Test.ZephyrTools.CommandRunner", "Test.ZephyrTools.CommandRunner\Test.ZephyrTools.CommandRunner.csproj", "{4F1FE7D9-6A5A-4432-98F7-A3F354E7E7C8}"
EndProject
Project("{FAE04EC0-301F-11D3-BF4B-00C04F79EFBC}") = "Test.ZephyrTools.GameSystemMonitor", "Test.ZephyrTools.GameSystemMonitor\Test.ZephyrTools.GameSystemMonitor.csproj", "{7F933FF5-B3C4-4160-B17B-847C122E2CA3}"
EndProject
Project("{8BC9CEB8-8B4A-11D0-8D11-00A0C91BC942}") = "ZephyrSharp.AI", "ZephyrSharp.AI\ZephyrSharp.AI.vcxproj", "{30D6E278-D6E8-449D-A88E-5DCB34E7B63D}"
EndProject
Project("{8BC9CEB8-8B4A-11D0-8D11-00A0C91BC942}") = "zephyr.ai", "zephyr.ai\zephyr.ai.vcxproj", "{D049311D-2344-4601-A4BF-1C08A6D318BD}"
EndProject
Project("{FAE04EC0-301F-11D3-BF4B-00C04F79EFBC}") = "example02", "example02\example02.csproj", "{2CCBF32C-61E2-4ED5-9185-7D5601C93937}"
EndProject
Project("{FAE04EC0-301F-11D3-BF4B-00C04F79EFBC}") = "example01", "example01\example01.csproj", "{D3EB9FD6-8E57-45D5-872D-07BFBC0C002C}"
EndProject
Project("{FAE04EC0-301F-11D3-BF4B-00C04F79EFBC}") = "application01", "application01\application01.csproj", "{8FE1540F-47F9-4B90-86B9-6F14D5D9E101}"
EndProject
Project("{FAE04EC0-301F-11D3-BF4B-00C04F79EFBC}") = "application02", "application02\application02.csproj", "{29FC8FFB-A796-4EFA-9A67-54C0ECFAD0D4}"
EndProject
Project("{8BC9CEB8-8B4A-11D0-8D11-00A0C91BC942}") = "test.zephyr.sound", "test.zephyr.sound\test.zephyr.sound.vcxproj", "{F8F2BC19-F6F8-4B62-A809-295FF5F35E95}"
EndProject
Global
	GlobalSection(SolutionConfigurationPlatforms) = preSolution
		Debug|Any CPU = Debug|Any CPU
		Debug|x64 = Debug|x64
		Debug|x86 = Debug|x86
		Release|Any CPU = Release|Any CPU
		Release|x64 = Release|x64
		Release|x86 = Release|x86
	EndGlobalSection
	GlobalSection(ProjectConfigurationPlatforms) = postSolution
		{ED51C3BC-59DA-480D-BFAC-12D608EFFC0B}.Debug|Any CPU.ActiveCfg = Debug|Win32
		{ED51C3BC-59DA-480D-BFAC-12D608EFFC0B}.Debug|x64.ActiveCfg = Debug|x64
		{ED51C3BC-59DA-480D-BFAC-12D608EFFC0B}.Debug|x64.Build.0 = Debug|x64
		{ED51C3BC-59DA-480D-BFAC-12D608EFFC0B}.Debug|x86.ActiveCfg = Debug|Win32
		{ED51C3BC-59DA-480D-BFAC-12D608EFFC0B}.Debug|x86.Build.0 = Debug|Win32
		{ED51C3BC-59DA-480D-BFAC-12D608EFFC0B}.Release|Any CPU.ActiveCfg = Release|Win32
		{ED51C3BC-59DA-480D-BFAC-12D608EFFC0B}.Release|x64.ActiveCfg = Release|x64
		{ED51C3BC-59DA-480D-BFAC-12D608EFFC0B}.Release|x64.Build.0 = Release|x64
		{ED51C3BC-59DA-480D-BFAC-12D608EFFC0B}.Release|x86.ActiveCfg = Release|Win32
		{ED51C3BC-59DA-480D-BFAC-12D608EFFC0B}.Release|x86.Build.0 = Release|Win32
		{CAB9CACE-5FD9-475F-AAE3-59812DEB13E4}.Debug|Any CPU.ActiveCfg = Debug|Win32
		{CAB9CACE-5FD9-475F-AAE3-59812DEB13E4}.Debug|x64.ActiveCfg = Debug|x64
		{CAB9CACE-5FD9-475F-AAE3-59812DEB13E4}.Debug|x64.Build.0 = Debug|x64
		{CAB9CACE-5FD9-475F-AAE3-59812DEB13E4}.Debug|x86.ActiveCfg = Debug|Win32
		{CAB9CACE-5FD9-475F-AAE3-59812DEB13E4}.Debug|x86.Build.0 = Debug|Win32
		{CAB9CACE-5FD9-475F-AAE3-59812DEB13E4}.Release|Any CPU.ActiveCfg = Release|Win32
		{CAB9CACE-5FD9-475F-AAE3-59812DEB13E4}.Release|x64.ActiveCfg = Release|x64
		{CAB9CACE-5FD9-475F-AAE3-59812DEB13E4}.Release|x64.Build.0 = Release|x64
		{CAB9CACE-5FD9-475F-AAE3-59812DEB13E4}.Release|x86.ActiveCfg = Release|Win32
		{CAB9CACE-5FD9-475F-AAE3-59812DEB13E4}.Release|x86.Build.0 = Release|Win32
		{431B81A2-3C12-4C6A-B9C2-B4DA680FB940}.Debug|Any CPU.ActiveCfg = Debug|Win32
		{431B81A2-3C12-4C6A-B9C2-B4DA680FB940}.Debug|x64.ActiveCfg = Debug|x64
		{431B81A2-3C12-4C6A-B9C2-B4DA680FB940}.Debug|x64.Build.0 = Debug|x64
		{431B81A2-3C12-4C6A-B9C2-B4DA680FB940}.Debug|x86.ActiveCfg = Debug|Win32
		{431B81A2-3C12-4C6A-B9C2-B4DA680FB940}.Debug|x86.Build.0 = Debug|Win32
		{431B81A2-3C12-4C6A-B9C2-B4DA680FB940}.Release|Any CPU.ActiveCfg = Release|Win32
		{431B81A2-3C12-4C6A-B9C2-B4DA680FB940}.Release|x64.ActiveCfg = Release|x64
		{431B81A2-3C12-4C6A-B9C2-B4DA680FB940}.Release|x64.Build.0 = Release|x64
		{431B81A2-3C12-4C6A-B9C2-B4DA680FB940}.Release|x86.ActiveCfg = Release|Win32
		{431B81A2-3C12-4C6A-B9C2-B4DA680FB940}.Release|x86.Build.0 = Release|Win32
		{7A1E2E8A-F7CD-4122-AB34-5A459ED23080}.Debug|Any CPU.ActiveCfg = Debug|Win32
		{7A1E2E8A-F7CD-4122-AB34-5A459ED23080}.Debug|x64.ActiveCfg = Debug|x64
		{7A1E2E8A-F7CD-4122-AB34-5A459ED23080}.Debug|x64.Build.0 = Debug|x64
		{7A1E2E8A-F7CD-4122-AB34-5A459ED23080}.Debug|x86.ActiveCfg = Debug|Win32
		{7A1E2E8A-F7CD-4122-AB34-5A459ED23080}.Debug|x86.Build.0 = Debug|Win32
		{7A1E2E8A-F7CD-4122-AB34-5A459ED23080}.Release|Any CPU.ActiveCfg = Release|Win32
		{7A1E2E8A-F7CD-4122-AB34-5A459ED23080}.Release|x64.ActiveCfg = Release|x64
		{7A1E2E8A-F7CD-4122-AB34-5A459ED23080}.Release|x64.Build.0 = Release|x64
		{7A1E2E8A-F7CD-4122-AB34-5A459ED23080}.Release|x86.ActiveCfg = Release|Win32
		{7A1E2E8A-F7CD-4122-AB34-5A459ED23080}.Release|x86.Build.0 = Release|Win32
		{59BBB853-AA0B-4598-ACB4-D29B26F9ED14}.Debug|Any CPU.ActiveCfg = Debug|Win32
		{59BBB853-AA0B-4598-ACB4-D29B26F9ED14}.Debug|x64.ActiveCfg = Debug|x64
		{59BBB853-AA0B-4598-ACB4-D29B26F9ED14}.Debug|x64.Build.0 = Debug|x64
		{59BBB853-AA0B-4598-ACB4-D29B26F9ED14}.Debug|x86.ActiveCfg = Debug|Win32
		{59BBB853-AA0B-4598-ACB4-D29B26F9ED14}.Debug|x86.Build.0 = Debug|Win32
		{59BBB853-AA0B-4598-ACB4-D29B26F9ED14}.Release|Any CPU.ActiveCfg = Release|Win32
		{59BBB853-AA0B-4598-ACB4-D29B26F9ED14}.Release|x64.ActiveCfg = Release|x64
		{59BBB853-AA0B-4598-ACB4-D29B26F9ED14}.Release|x64.Build.0 = Release|x64
		{59BBB853-AA0B-4598-ACB4-D29B26F9ED14}.Release|x86.ActiveCfg = Release|Win32
		{59BBB853-AA0B-4598-ACB4-D29B26F9ED14}.Release|x86.Build.0 = Release|Win32
		{136CCD48-7389-4CEF-99CC-F384B6C79B6C}.Debug|Any CPU.ActiveCfg = Debug|Win32
		{136CCD48-7389-4CEF-99CC-F384B6C79B6C}.Debug|x64.ActiveCfg = Debug|x64
		{136CCD48-7389-4CEF-99CC-F384B6C79B6C}.Debug|x64.Build.0 = Debug|x64
		{136CCD48-7389-4CEF-99CC-F384B6C79B6C}.Debug|x86.ActiveCfg = Debug|Win32
		{136CCD48-7389-4CEF-99CC-F384B6C79B6C}.Debug|x86.Build.0 = Debug|Win32
		{136CCD48-7389-4CEF-99CC-F384B6C79B6C}.Release|Any CPU.ActiveCfg = Release|Win32
		{136CCD48-7389-4CEF-99CC-F384B6C79B6C}.Release|x64.ActiveCfg = Release|x64
		{136CCD48-7389-4CEF-99CC-F384B6C79B6C}.Release|x64.Build.0 = Release|x64
		{136CCD48-7389-4CEF-99CC-F384B6C79B6C}.Release|x86.ActiveCfg = Release|Win32
		{136CCD48-7389-4CEF-99CC-F384B6C79B6C}.Release|x86.Build.0 = Release|Win32
		{0515D525-8987-43BF-A8D6-2B7D21762DA3}.Debug|Any CPU.ActiveCfg = Debug|Win32
		{0515D525-8987-43BF-A8D6-2B7D21762DA3}.Debug|x64.ActiveCfg = Debug|x64
		{0515D525-8987-43BF-A8D6-2B7D21762DA3}.Debug|x64.Build.0 = Debug|x64
		{0515D525-8987-43BF-A8D6-2B7D21762DA3}.Debug|x86.ActiveCfg = Debug|Win32
		{0515D525-8987-43BF-A8D6-2B7D21762DA3}.Debug|x86.Build.0 = Debug|Win32
		{0515D525-8987-43BF-A8D6-2B7D21762DA3}.Release|Any CPU.ActiveCfg = Release|Win32
		{0515D525-8987-43BF-A8D6-2B7D21762DA3}.Release|x64.ActiveCfg = Release|x64
		{0515D525-8987-43BF-A8D6-2B7D21762DA3}.Release|x64.Build.0 = Release|x64
		{0515D525-8987-43BF-A8D6-2B7D21762DA3}.Release|x86.ActiveCfg = Release|Win32
		{0515D525-8987-43BF-A8D6-2B7D21762DA3}.Release|x86.Build.0 = Release|Win32
		{7DF22F33-CEA7-4FB8-BFB2-361DEEC4C1B0}.Debug|Any CPU.ActiveCfg = Debug|Win32
		{7DF22F33-CEA7-4FB8-BFB2-361DEEC4C1B0}.Debug|x64.ActiveCfg = Debug|x64
		{7DF22F33-CEA7-4FB8-BFB2-361DEEC4C1B0}.Debug|x64.Build.0 = Debug|x64
		{7DF22F33-CEA7-4FB8-BFB2-361DEEC4C1B0}.Debug|x86.ActiveCfg = Debug|Win32
		{7DF22F33-CEA7-4FB8-BFB2-361DEEC4C1B0}.Debug|x86.Build.0 = Debug|Win32
		{7DF22F33-CEA7-4FB8-BFB2-361DEEC4C1B0}.Release|Any CPU.ActiveCfg = Release|Win32
		{7DF22F33-CEA7-4FB8-BFB2-361DEEC4C1B0}.Release|x64.ActiveCfg = Release|x64
		{7DF22F33-CEA7-4FB8-BFB2-361DEEC4C1B0}.Release|x64.Build.0 = Release|x64
		{7DF22F33-CEA7-4FB8-BFB2-361DEEC4C1B0}.Release|x86.ActiveCfg = Release|Win32
		{7DF22F33-CEA7-4FB8-BFB2-361DEEC4C1B0}.Release|x86.Build.0 = Release|Win32
		{D8025F38-E371-408E-BA44-561EB161B8C4}.Debug|Any CPU.ActiveCfg = Debug|Win32
		{D8025F38-E371-408E-BA44-561EB161B8C4}.Debug|x64.ActiveCfg = Debug|x64
		{D8025F38-E371-408E-BA44-561EB161B8C4}.Debug|x64.Build.0 = Debug|x64
		{D8025F38-E371-408E-BA44-561EB161B8C4}.Debug|x86.ActiveCfg = Debug|Win32
		{D8025F38-E371-408E-BA44-561EB161B8C4}.Debug|x86.Build.0 = Debug|Win32
		{D8025F38-E371-408E-BA44-561EB161B8C4}.Release|Any CPU.ActiveCfg = Release|Win32
		{D8025F38-E371-408E-BA44-561EB161B8C4}.Release|x64.ActiveCfg = Release|x64
		{D8025F38-E371-408E-BA44-561EB161B8C4}.Release|x64.Build.0 = Release|x64
		{D8025F38-E371-408E-BA44-561EB161B8C4}.Release|x86.ActiveCfg = Release|Win32
		{D8025F38-E371-408E-BA44-561EB161B8C4}.Release|x86.Build.0 = Release|Win32
		{D2C2B484-49DD-40E0-9CFB-39EF026A9762}.Debug|Any CPU.ActiveCfg = Debug|Win32
		{D2C2B484-49DD-40E0-9CFB-39EF026A9762}.Debug|x64.ActiveCfg = Debug|x64
		{D2C2B484-49DD-40E0-9CFB-39EF026A9762}.Debug|x64.Build.0 = Debug|x64
		{D2C2B484-49DD-40E0-9CFB-39EF026A9762}.Debug|x86.ActiveCfg = Debug|Win32
		{D2C2B484-49DD-40E0-9CFB-39EF026A9762}.Debug|x86.Build.0 = Debug|Win32
		{D2C2B484-49DD-40E0-9CFB-39EF026A9762}.Release|Any CPU.ActiveCfg = Release|Win32
		{D2C2B484-49DD-40E0-9CFB-39EF026A9762}.Release|x64.ActiveCfg = Release|x64
		{D2C2B484-49DD-40E0-9CFB-39EF026A9762}.Release|x64.Build.0 = Release|x64
		{D2C2B484-49DD-40E0-9CFB-39EF026A9762}.Release|x86.ActiveCfg = Release|Win32
		{D2C2B484-49DD-40E0-9CFB-39EF026A9762}.Release|x86.Build.0 = Release|Win32
		{7DB64F06-0ECC-46DB-B683-E3FCA98BCBA5}.Debug|Any CPU.ActiveCfg = Debug|Win32
		{7DB64F06-0ECC-46DB-B683-E3FCA98BCBA5}.Debug|x64.ActiveCfg = Debug|x64
		{7DB64F06-0ECC-46DB-B683-E3FCA98BCBA5}.Debug|x64.Build.0 = Debug|x64
		{7DB64F06-0ECC-46DB-B683-E3FCA98BCBA5}.Debug|x86.ActiveCfg = Debug|Win32
		{7DB64F06-0ECC-46DB-B683-E3FCA98BCBA5}.Debug|x86.Build.0 = Debug|Win32
		{7DB64F06-0ECC-46DB-B683-E3FCA98BCBA5}.Release|Any CPU.ActiveCfg = Release|Win32
		{7DB64F06-0ECC-46DB-B683-E3FCA98BCBA5}.Release|x64.ActiveCfg = Release|x64
		{7DB64F06-0ECC-46DB-B683-E3FCA98BCBA5}.Release|x64.Build.0 = Release|x64
		{7DB64F06-0ECC-46DB-B683-E3FCA98BCBA5}.Release|x86.ActiveCfg = Release|Win32
		{7DB64F06-0ECC-46DB-B683-E3FCA98BCBA5}.Release|x86.Build.0 = Release|Win32
		{5E9A8866-592B-4632-A500-ED803E2ADBF1}.Debug|Any CPU.ActiveCfg = Debug|Win32
		{5E9A8866-592B-4632-A500-ED803E2ADBF1}.Debug|x64.ActiveCfg = Debug|x64
		{5E9A8866-592B-4632-A500-ED803E2ADBF1}.Debug|x64.Build.0 = Debug|x64
		{5E9A8866-592B-4632-A500-ED803E2ADBF1}.Debug|x86.ActiveCfg = Debug|Win32
		{5E9A8866-592B-4632-A500-ED803E2ADBF1}.Debug|x86.Build.0 = Debug|Win32
		{5E9A8866-592B-4632-A500-ED803E2ADBF1}.Release|Any CPU.ActiveCfg = Release|Win32
		{5E9A8866-592B-4632-A500-ED803E2ADBF1}.Release|x64.ActiveCfg = Release|x64
		{5E9A8866-592B-4632-A500-ED803E2ADBF1}.Release|x64.Build.0 = Release|x64
		{5E9A8866-592B-4632-A500-ED803E2ADBF1}.Release|x86.ActiveCfg = Release|Win32
		{5E9A8866-592B-4632-A500-ED803E2ADBF1}.Release|x86.Build.0 = Release|Win32
		{D09D55C7-20A3-4A51-91E0-E47EF48CFDB4}.Debug|Any CPU.ActiveCfg = Debug|Win32
		{D09D55C7-20A3-4A51-91E0-E47EF48CFDB4}.Debug|x64.ActiveCfg = Debug|x64
		{D09D55C7-20A3-4A51-91E0-E47EF48CFDB4}.Debug|x64.Build.0 = Debug|x64
		{D09D55C7-20A3-4A51-91E0-E47EF48CFDB4}.Debug|x86.ActiveCfg = Debug|Win32
		{D09D55C7-20A3-4A51-91E0-E47EF48CFDB4}.Debug|x86.Build.0 = Debug|Win32
		{D09D55C7-20A3-4A51-91E0-E47EF48CFDB4}.Release|Any CPU.ActiveCfg = Release|Win32
		{D09D55C7-20A3-4A51-91E0-E47EF48CFDB4}.Release|x64.ActiveCfg = Release|x64
		{D09D55C7-20A3-4A51-91E0-E47EF48CFDB4}.Release|x64.Build.0 = Release|x64
		{D09D55C7-20A3-4A51-91E0-E47EF48CFDB4}.Release|x86.ActiveCfg = Release|Win32
		{D09D55C7-20A3-4A51-91E0-E47EF48CFDB4}.Release|x86.Build.0 = Release|Win32
		{C33EA45F-4A32-4E17-95C8-7B9E7BF8441A}.Debug|Any CPU.ActiveCfg = Debug|Win32
		{C33EA45F-4A32-4E17-95C8-7B9E7BF8441A}.Debug|x64.ActiveCfg = Debug|x64
		{C33EA45F-4A32-4E17-95C8-7B9E7BF8441A}.Debug|x64.Build.0 = Debug|x64
		{C33EA45F-4A32-4E17-95C8-7B9E7BF8441A}.Debug|x86.ActiveCfg = Debug|Win32
		{C33EA45F-4A32-4E17-95C8-7B9E7BF8441A}.Debug|x86.Build.0 = Debug|Win32
		{C33EA45F-4A32-4E17-95C8-7B9E7BF8441A}.Release|Any CPU.ActiveCfg = Release|Win32
		{C33EA45F-4A32-4E17-95C8-7B9E7BF8441A}.Release|x64.ActiveCfg = Release|x64
		{C33EA45F-4A32-4E17-95C8-7B9E7BF8441A}.Release|x64.Build.0 = Release|x64
		{C33EA45F-4A32-4E17-95C8-7B9E7BF8441A}.Release|x86.ActiveCfg = Release|Win32
		{C33EA45F-4A32-4E17-95C8-7B9E7BF8441A}.Release|x86.Build.0 = Release|Win32
		{8E585C15-0A4E-40DD-9822-AC1C18078308}.Debug|Any CPU.ActiveCfg = Debug|Win32
		{8E585C15-0A4E-40DD-9822-AC1C18078308}.Debug|x64.ActiveCfg = Debug|x64
		{8E585C15-0A4E-40DD-9822-AC1C18078308}.Debug|x64.Build.0 = Debug|x64
		{8E585C15-0A4E-40DD-9822-AC1C18078308}.Debug|x86.ActiveCfg = Debug|Win32
		{8E585C15-0A4E-40DD-9822-AC1C18078308}.Debug|x86.Build.0 = Debug|Win32
		{8E585C15-0A4E-40DD-9822-AC1C18078308}.Release|Any CPU.ActiveCfg = Release|Win32
		{8E585C15-0A4E-40DD-9822-AC1C18078308}.Release|x64.ActiveCfg = Release|x64
		{8E585C15-0A4E-40DD-9822-AC1C18078308}.Release|x64.Build.0 = Release|x64
		{8E585C15-0A4E-40DD-9822-AC1C18078308}.Release|x86.ActiveCfg = Release|Win32
		{8E585C15-0A4E-40DD-9822-AC1C18078308}.Release|x86.Build.0 = Release|Win32
		{7EACF798-C525-4C61-A62B-9FC4BAD602E8}.Debug|Any CPU.ActiveCfg = Debug|Win32
		{7EACF798-C525-4C61-A62B-9FC4BAD602E8}.Debug|x64.ActiveCfg = Debug|x64
		{7EACF798-C525-4C61-A62B-9FC4BAD602E8}.Debug|x64.Build.0 = Debug|x64
		{7EACF798-C525-4C61-A62B-9FC4BAD602E8}.Debug|x86.ActiveCfg = Debug|Win32
		{7EACF798-C525-4C61-A62B-9FC4BAD602E8}.Debug|x86.Build.0 = Debug|Win32
		{7EACF798-C525-4C61-A62B-9FC4BAD602E8}.Release|Any CPU.ActiveCfg = Release|Win32
		{7EACF798-C525-4C61-A62B-9FC4BAD602E8}.Release|x64.ActiveCfg = Release|x64
		{7EACF798-C525-4C61-A62B-9FC4BAD602E8}.Release|x64.Build.0 = Release|x64
		{7EACF798-C525-4C61-A62B-9FC4BAD602E8}.Release|x86.ActiveCfg = Release|Win32
		{7EACF798-C525-4C61-A62B-9FC4BAD602E8}.Release|x86.Build.0 = Release|Win32
		{54FBFAC4-1BFD-48B1-A406-197E3E2ED0F5}.Debug|Any CPU.ActiveCfg = Debug|Win32
		{54FBFAC4-1BFD-48B1-A406-197E3E2ED0F5}.Debug|x64.ActiveCfg = Debug|x64
		{54FBFAC4-1BFD-48B1-A406-197E3E2ED0F5}.Debug|x64.Build.0 = Debug|x64
		{54FBFAC4-1BFD-48B1-A406-197E3E2ED0F5}.Debug|x86.ActiveCfg = Debug|Win32
		{54FBFAC4-1BFD-48B1-A406-197E3E2ED0F5}.Debug|x86.Build.0 = Debug|Win32
		{54FBFAC4-1BFD-48B1-A406-197E3E2ED0F5}.Release|Any CPU.ActiveCfg = Release|Win32
		{54FBFAC4-1BFD-48B1-A406-197E3E2ED0F5}.Release|x64.ActiveCfg = Release|x64
		{54FBFAC4-1BFD-48B1-A406-197E3E2ED0F5}.Release|x64.Build.0 = Release|x64
		{54FBFAC4-1BFD-48B1-A406-197E3E2ED0F5}.Release|x86.ActiveCfg = Release|Win32
		{54FBFAC4-1BFD-48B1-A406-197E3E2ED0F5}.Release|x86.Build.0 = Release|Win32
		{E750C230-C7A1-44AD-AC58-FFCCAA5FFEBF}.Debug|Any CPU.ActiveCfg = Debug|Win32
		{E750C230-C7A1-44AD-AC58-FFCCAA5FFEBF}.Debug|x64.ActiveCfg = Debug|x64
		{E750C230-C7A1-44AD-AC58-FFCCAA5FFEBF}.Debug|x64.Build.0 = Debug|x64
		{E750C230-C7A1-44AD-AC58-FFCCAA5FFEBF}.Debug|x86.ActiveCfg = Debug|Win32
		{E750C230-C7A1-44AD-AC58-FFCCAA5FFEBF}.Debug|x86.Build.0 = Debug|Win32
		{E750C230-C7A1-44AD-AC58-FFCCAA5FFEBF}.Release|Any CPU.ActiveCfg = Release|Win32
		{E750C230-C7A1-44AD-AC58-FFCCAA5FFEBF}.Release|x64.ActiveCfg = Release|x64
		{E750C230-C7A1-44AD-AC58-FFCCAA5FFEBF}.Release|x64.Build.0 = Release|x64
		{E750C230-C7A1-44AD-AC58-FFCCAA5FFEBF}.Release|x86.ActiveCfg = Release|Win32
		{E750C230-C7A1-44AD-AC58-FFCCAA5FFEBF}.Release|x86.Build.0 = Release|Win32
		{F9BC3A40-9B61-49A3-A1F2-1ED0600616A9}.Debug|Any CPU.ActiveCfg = Debug|Win32
		{F9BC3A40-9B61-49A3-A1F2-1ED0600616A9}.Debug|x64.ActiveCfg = Debug|x64
		{F9BC3A40-9B61-49A3-A1F2-1ED0600616A9}.Debug|x64.Build.0 = Debug|x64
		{F9BC3A40-9B61-49A3-A1F2-1ED0600616A9}.Debug|x86.ActiveCfg = Debug|Win32
		{F9BC3A40-9B61-49A3-A1F2-1ED0600616A9}.Debug|x86.Build.0 = Debug|Win32
		{F9BC3A40-9B61-49A3-A1F2-1ED0600616A9}.Release|Any CPU.ActiveCfg = Release|Win32
		{F9BC3A40-9B61-49A3-A1F2-1ED0600616A9}.Release|x64.ActiveCfg = Release|x64
		{F9BC3A40-9B61-49A3-A1F2-1ED0600616A9}.Release|x64.Build.0 = Release|x64
		{F9BC3A40-9B61-49A3-A1F2-1ED0600616A9}.Release|x86.ActiveCfg = Release|Win32
		{F9BC3A40-9B61-49A3-A1F2-1ED0600616A9}.Release|x86.Build.0 = Release|Win32
		{8B2006F7-69DE-482C-906F-5E38B4EC6ADF}.Debug|Any CPU.ActiveCfg = Debug|Win32
		{8B2006F7-69DE-482C-906F-5E38B4EC6ADF}.Debug|x64.ActiveCfg = Debug|x64
		{8B2006F7-69DE-482C-906F-5E38B4EC6ADF}.Debug|x64.Build.0 = Debug|x64
		{8B2006F7-69DE-482C-906F-5E38B4EC6ADF}.Debug|x86.ActiveCfg = Debug|Win32
		{8B2006F7-69DE-482C-906F-5E38B4EC6ADF}.Debug|x86.Build.0 = Debug|Win32
		{8B2006F7-69DE-482C-906F-5E38B4EC6ADF}.Release|Any CPU.ActiveCfg = Release|Win32
		{8B2006F7-69DE-482C-906F-5E38B4EC6ADF}.Release|x64.ActiveCfg = Release|x64
		{8B2006F7-69DE-482C-906F-5E38B4EC6ADF}.Release|x64.Build.0 = Release|x64
		{8B2006F7-69DE-482C-906F-5E38B4EC6ADF}.Release|x86.ActiveCfg = Release|Win32
		{8B2006F7-69DE-482C-906F-5E38B4EC6ADF}.Release|x86.Build.0 = Release|Win32
		{2BE099B4-7B8B-452E-A861-745C896028E4}.Debug|Any CPU.ActiveCfg = Debug|Win32
		{2BE099B4-7B8B-452E-A861-745C896028E4}.Debug|x64.ActiveCfg = Debug|x64
		{2BE099B4-7B8B-452E-A861-745C896028E4}.Debug|x64.Build.0 = Debug|x64
		{2BE099B4-7B8B-452E-A861-745C896028E4}.Debug|x86.ActiveCfg = Debug|Win32
		{2BE099B4-7B8B-452E-A861-745C896028E4}.Debug|x86.Build.0 = Debug|Win32
		{2BE099B4-7B8B-452E-A861-745C896028E4}.Release|Any CPU.ActiveCfg = Release|Win32
		{2BE099B4-7B8B-452E-A861-745C896028E4}.Release|x64.ActiveCfg = Release|x64
		{2BE099B4-7B8B-452E-A861-745C896028E4}.Release|x64.Build.0 = Release|x64
		{2BE099B4-7B8B-452E-A861-745C896028E4}.Release|x86.ActiveCfg = Release|Win32
		{2BE099B4-7B8B-452E-A861-745C896028E4}.Release|x86.Build.0 = Release|Win32
		{217FF6BB-F080-440A-8CC2-556148C8AFFF}.Debug|Any CPU.ActiveCfg = Debug|Win32
		{217FF6BB-F080-440A-8CC2-556148C8AFFF}.Debug|x64.ActiveCfg = Debug|x64
		{217FF6BB-F080-440A-8CC2-556148C8AFFF}.Debug|x64.Build.0 = Debug|x64
		{217FF6BB-F080-440A-8CC2-556148C8AFFF}.Debug|x86.ActiveCfg = Debug|Win32
		{217FF6BB-F080-440A-8CC2-556148C8AFFF}.Debug|x86.Build.0 = Debug|Win32
		{217FF6BB-F080-440A-8CC2-556148C8AFFF}.Release|Any CPU.ActiveCfg = Release|Win32
		{217FF6BB-F080-440A-8CC2-556148C8AFFF}.Release|x64.ActiveCfg = Release|x64
		{217FF6BB-F080-440A-8CC2-556148C8AFFF}.Release|x64.Build.0 = Release|x64
		{217FF6BB-F080-440A-8CC2-556148C8AFFF}.Release|x86.ActiveCfg = Release|Win32
		{217FF6BB-F080-440A-8CC2-556148C8AFFF}.Release|x86.Build.0 = Release|Win32
		{0672D936-1E69-4650-AA92-393E59B803B0}.Debug|Any CPU.ActiveCfg = Debug|Win32
		{0672D936-1E69-4650-AA92-393E59B803B0}.Debug|x64.ActiveCfg = Debug|x64
		{0672D936-1E69-4650-AA92-393E59B803B0}.Debug|x64.Build.0 = Debug|x64
		{0672D936-1E69-4650-AA92-393E59B803B0}.Debug|x86.ActiveCfg = Debug|Win32
		{0672D936-1E69-4650-AA92-393E59B803B0}.Debug|x86.Build.0 = Debug|Win32
		{0672D936-1E69-4650-AA92-393E59B803B0}.Release|Any CPU.ActiveCfg = Release|Win32
		{0672D936-1E69-4650-AA92-393E59B803B0}.Release|x64.ActiveCfg = Release|x64
		{0672D936-1E69-4650-AA92-393E59B803B0}.Release|x64.Build.0 = Release|x64
		{0672D936-1E69-4650-AA92-393E59B803B0}.Release|x86.ActiveCfg = Release|Win32
		{0672D936-1E69-4650-AA92-393E59B803B0}.Release|x86.Build.0 = Release|Win32
		{A7ABC948-34AD-4B47-9751-342231835D47}.Debug|Any CPU.ActiveCfg = Debug|Any CPU
		{A7ABC948-34AD-4B47-9751-342231835D47}.Debug|Any CPU.Build.0 = Debug|Any CPU
		{A7ABC948-34AD-4B47-9751-342231835D47}.Debug|x64.ActiveCfg = Debug|x64
		{A7ABC948-34AD-4B47-9751-342231835D47}.Debug|x64.Build.0 = Debug|x64
		{A7ABC948-34AD-4B47-9751-342231835D47}.Debug|x86.ActiveCfg = Debug|x86
		{A7ABC948-34AD-4B47-9751-342231835D47}.Debug|x86.Build.0 = Debug|x86
		{A7ABC948-34AD-4B47-9751-342231835D47}.Release|Any CPU.ActiveCfg = Release|Any CPU
		{A7ABC948-34AD-4B47-9751-342231835D47}.Release|Any CPU.Build.0 = Release|Any CPU
		{A7ABC948-34AD-4B47-9751-342231835D47}.Release|x64.ActiveCfg = Release|x64
		{A7ABC948-34AD-4B47-9751-342231835D47}.Release|x64.Build.0 = Release|x64
		{A7ABC948-34AD-4B47-9751-342231835D47}.Release|x86.ActiveCfg = Release|x86
		{A7ABC948-34AD-4B47-9751-342231835D47}.Release|x86.Build.0 = Release|x86
		{DE34854B-4AAF-4CFE-8FFF-191FF49C58D1}.Debug|Any CPU.ActiveCfg = Debug|Any CPU
		{DE34854B-4AAF-4CFE-8FFF-191FF49C58D1}.Debug|Any CPU.Build.0 = Debug|Any CPU
		{DE34854B-4AAF-4CFE-8FFF-191FF49C58D1}.Debug|x64.ActiveCfg = Debug|Any CPU
		{DE34854B-4AAF-4CFE-8FFF-191FF49C58D1}.Debug|x64.Build.0 = Debug|Any CPU
		{DE34854B-4AAF-4CFE-8FFF-191FF49C58D1}.Debug|x86.ActiveCfg = Debug|Any CPU
		{DE34854B-4AAF-4CFE-8FFF-191FF49C58D1}.Debug|x86.Build.0 = Debug|Any CPU
		{DE34854B-4AAF-4CFE-8FFF-191FF49C58D1}.Release|Any CPU.ActiveCfg = Release|Any CPU
		{DE34854B-4AAF-4CFE-8FFF-191FF49C58D1}.Release|Any CPU.Build.0 = Release|Any CPU
		{DE34854B-4AAF-4CFE-8FFF-191FF49C58D1}.Release|x64.ActiveCfg = Release|Any CPU
		{DE34854B-4AAF-4CFE-8FFF-191FF49C58D1}.Release|x64.Build.0 = Release|Any CPU
		{DE34854B-4AAF-4CFE-8FFF-191FF49C58D1}.Release|x86.ActiveCfg = Release|Any CPU
		{DE34854B-4AAF-4CFE-8FFF-191FF49C58D1}.Release|x86.Build.0 = Release|Any CPU
		{99CA7DF9-19BE-4AE4-A454-C64096CA9335}.Debug|Any CPU.ActiveCfg = Debug|Win32
		{99CA7DF9-19BE-4AE4-A454-C64096CA9335}.Debug|x64.ActiveCfg = Debug|x64
		{99CA7DF9-19BE-4AE4-A454-C64096CA9335}.Debug|x64.Build.0 = Debug|x64
		{99CA7DF9-19BE-4AE4-A454-C64096CA9335}.Debug|x86.ActiveCfg = Debug|Win32
		{99CA7DF9-19BE-4AE4-A454-C64096CA9335}.Debug|x86.Build.0 = Debug|Win32
		{99CA7DF9-19BE-4AE4-A454-C64096CA9335}.Release|Any CPU.ActiveCfg = Release|Win32
		{99CA7DF9-19BE-4AE4-A454-C64096CA9335}.Release|x64.ActiveCfg = Release|x64
		{99CA7DF9-19BE-4AE4-A454-C64096CA9335}.Release|x64.Build.0 = Release|x64
		{99CA7DF9-19BE-4AE4-A454-C64096CA9335}.Release|x86.ActiveCfg = Release|Win32
		{99CA7DF9-19BE-4AE4-A454-C64096CA9335}.Release|x86.Build.0 = Release|Win32
		{0A40C054-BBAC-4E39-BBCD-89B060D84CDF}.Debug|Any CPU.ActiveCfg = Debug|Win32
		{0A40C054-BBAC-4E39-BBCD-89B060D84CDF}.Debug|x64.ActiveCfg = Debug|x64
		{0A40C054-BBAC-4E39-BBCD-89B060D84CDF}.Debug|x64.Build.0 = Debug|x64
		{0A40C054-BBAC-4E39-BBCD-89B060D84CDF}.Debug|x86.ActiveCfg = Debug|Win32
		{0A40C054-BBAC-4E39-BBCD-89B060D84CDF}.Debug|x86.Build.0 = Debug|Win32
		{0A40C054-BBAC-4E39-BBCD-89B060D84CDF}.Release|Any CPU.ActiveCfg = Release|Win32
		{0A40C054-BBAC-4E39-BBCD-89B060D84CDF}.Release|x64.ActiveCfg = Release|x64
		{0A40C054-BBAC-4E39-BBCD-89B060D84CDF}.Release|x64.Build.0 = Release|x64
		{0A40C054-BBAC-4E39-BBCD-89B060D84CDF}.Release|x86.ActiveCfg = Release|Win32
		{0A40C054-BBAC-4E39-BBCD-89B060D84CDF}.Release|x86.Build.0 = Release|Win32
		{3F4B0CD1-50CB-4724-8F29-D08C6DCC936B}.Debug|Any CPU.ActiveCfg = Debug|Win32
		{3F4B0CD1-50CB-4724-8F29-D08C6DCC936B}.Debug|x64.ActiveCfg = Debug|x64
		{3F4B0CD1-50CB-4724-8F29-D08C6DCC936B}.Debug|x64.Build.0 = Debug|x64
		{3F4B0CD1-50CB-4724-8F29-D08C6DCC936B}.Debug|x86.ActiveCfg = Debug|Win32
		{3F4B0CD1-50CB-4724-8F29-D08C6DCC936B}.Debug|x86.Build.0 = Debug|Win32
		{3F4B0CD1-50CB-4724-8F29-D08C6DCC936B}.Release|Any CPU.ActiveCfg = Release|Win32
		{3F4B0CD1-50CB-4724-8F29-D08C6DCC936B}.Release|x64.ActiveCfg = Release|x64
		{3F4B0CD1-50CB-4724-8F29-D08C6DCC936B}.Release|x64.Build.0 = Release|x64
		{3F4B0CD1-50CB-4724-8F29-D08C6DCC936B}.Release|x86.ActiveCfg = Release|Win32
		{3F4B0CD1-50CB-4724-8F29-D08C6DCC936B}.Release|x86.Build.0 = Release|Win32
		{FDC225AB-21F8-4959-98D7-372E19972D1B}.Debug|Any CPU.ActiveCfg = Debug|Any CPU
		{FDC225AB-21F8-4959-98D7-372E19972D1B}.Debug|Any CPU.Build.0 = Debug|Any CPU
		{FDC225AB-21F8-4959-98D7-372E19972D1B}.Debug|x64.ActiveCfg = Debug|x64
		{FDC225AB-21F8-4959-98D7-372E19972D1B}.Debug|x64.Build.0 = Debug|x64
		{FDC225AB-21F8-4959-98D7-372E19972D1B}.Debug|x86.ActiveCfg = Debug|x86
		{FDC225AB-21F8-4959-98D7-372E19972D1B}.Debug|x86.Build.0 = Debug|x86
		{FDC225AB-21F8-4959-98D7-372E19972D1B}.Release|Any CPU.ActiveCfg = Release|Any CPU
		{FDC225AB-21F8-4959-98D7-372E19972D1B}.Release|Any CPU.Build.0 = Release|Any CPU
		{FDC225AB-21F8-4959-98D7-372E19972D1B}.Release|x64.ActiveCfg = Release|x64
		{FDC225AB-21F8-4959-98D7-372E19972D1B}.Release|x64.Build.0 = Release|x64
		{FDC225AB-21F8-4959-98D7-372E19972D1B}.Release|x86.ActiveCfg = Release|x86
		{FDC225AB-21F8-4959-98D7-372E19972D1B}.Release|x86.Build.0 = Release|x86
		{62184A5B-F46B-4CFB-A52D-E36116968877}.Debug|Any CPU.ActiveCfg = Debug|Any CPU
		{62184A5B-F46B-4CFB-A52D-E36116968877}.Debug|Any CPU.Build.0 = Debug|Any CPU
		{62184A5B-F46B-4CFB-A52D-E36116968877}.Debug|x64.ActiveCfg = Debug|x64
		{62184A5B-F46B-4CFB-A52D-E36116968877}.Debug|x64.Build.0 = Debug|x64
		{62184A5B-F46B-4CFB-A52D-E36116968877}.Debug|x86.ActiveCfg = Debug|x86
		{62184A5B-F46B-4CFB-A52D-E36116968877}.Debug|x86.Build.0 = Debug|x86
		{62184A5B-F46B-4CFB-A52D-E36116968877}.Release|Any CPU.ActiveCfg = Release|Any CPU
		{62184A5B-F46B-4CFB-A52D-E36116968877}.Release|Any CPU.Build.0 = Release|Any CPU
		{62184A5B-F46B-4CFB-A52D-E36116968877}.Release|x64.ActiveCfg = Release|x64
		{62184A5B-F46B-4CFB-A52D-E36116968877}.Release|x64.Build.0 = Release|x64
		{62184A5B-F46B-4CFB-A52D-E36116968877}.Release|x86.ActiveCfg = Release|x86
		{62184A5B-F46B-4CFB-A52D-E36116968877}.Release|x86.Build.0 = Release|x86
		{011010DD-53E9-4C4A-924F-FF83390C9499}.Debug|Any CPU.ActiveCfg = Debug|Any CPU
		{011010DD-53E9-4C4A-924F-FF83390C9499}.Debug|Any CPU.Build.0 = Debug|Any CPU
		{011010DD-53E9-4C4A-924F-FF83390C9499}.Debug|x64.ActiveCfg = Debug|x64
		{011010DD-53E9-4C4A-924F-FF83390C9499}.Debug|x64.Build.0 = Debug|x64
		{011010DD-53E9-4C4A-924F-FF83390C9499}.Debug|x86.ActiveCfg = Debug|x86
		{011010DD-53E9-4C4A-924F-FF83390C9499}.Debug|x86.Build.0 = Debug|x86
		{011010DD-53E9-4C4A-924F-FF83390C9499}.Release|Any CPU.ActiveCfg = Release|Any CPU
		{011010DD-53E9-4C4A-924F-FF83390C9499}.Release|Any CPU.Build.0 = Release|Any CPU
		{011010DD-53E9-4C4A-924F-FF83390C9499}.Release|x64.ActiveCfg = Release|x64
		{011010DD-53E9-4C4A-924F-FF83390C9499}.Release|x64.Build.0 = Release|x64
		{011010DD-53E9-4C4A-924F-FF83390C9499}.Release|x86.ActiveCfg = Release|x86
		{011010DD-53E9-4C4A-924F-FF83390C9499}.Release|x86.Build.0 = Release|x86
		{4F1FE7D9-6A5A-4432-98F7-A3F354E7E7C8}.Debug|Any CPU.ActiveCfg = Debug|x86
		{4F1FE7D9-6A5A-4432-98F7-A3F354E7E7C8}.Debug|x64.ActiveCfg = Debug|x64
		{4F1FE7D9-6A5A-4432-98F7-A3F354E7E7C8}.Debug|x64.Build.0 = Debug|x64
		{4F1FE7D9-6A5A-4432-98F7-A3F354E7E7C8}.Debug|x86.ActiveCfg = Debug|x86
		{4F1FE7D9-6A5A-4432-98F7-A3F354E7E7C8}.Debug|x86.Build.0 = Debug|x86
		{4F1FE7D9-6A5A-4432-98F7-A3F354E7E7C8}.Release|Any CPU.ActiveCfg = Release|x86
		{4F1FE7D9-6A5A-4432-98F7-A3F354E7E7C8}.Release|x64.ActiveCfg = Release|x64
		{4F1FE7D9-6A5A-4432-98F7-A3F354E7E7C8}.Release|x64.Build.0 = Release|x64
		{4F1FE7D9-6A5A-4432-98F7-A3F354E7E7C8}.Release|x86.ActiveCfg = Release|x86
		{4F1FE7D9-6A5A-4432-98F7-A3F354E7E7C8}.Release|x86.Build.0 = Release|x86
		{7F933FF5-B3C4-4160-B17B-847C122E2CA3}.Debug|Any CPU.ActiveCfg = Debug|x86
		{7F933FF5-B3C4-4160-B17B-847C122E2CA3}.Debug|x64.ActiveCfg = Debug|x64
		{7F933FF5-B3C4-4160-B17B-847C122E2CA3}.Debug|x64.Build.0 = Debug|x64
		{7F933FF5-B3C4-4160-B17B-847C122E2CA3}.Debug|x86.ActiveCfg = Debug|x86
		{7F933FF5-B3C4-4160-B17B-847C122E2CA3}.Debug|x86.Build.0 = Debug|x86
		{7F933FF5-B3C4-4160-B17B-847C122E2CA3}.Release|Any CPU.ActiveCfg = Release|x86
		{7F933FF5-B3C4-4160-B17B-847C122E2CA3}.Release|x64.ActiveCfg = Release|x64
		{7F933FF5-B3C4-4160-B17B-847C122E2CA3}.Release|x64.Build.0 = Release|x64
		{7F933FF5-B3C4-4160-B17B-847C122E2CA3}.Release|x86.ActiveCfg = Release|x86
		{7F933FF5-B3C4-4160-B17B-847C122E2CA3}.Release|x86.Build.0 = Release|x86
		{30D6E278-D6E8-449D-A88E-5DCB34E7B63D}.Debug|Any CPU.ActiveCfg = Debug|Win32
		{30D6E278-D6E8-449D-A88E-5DCB34E7B63D}.Debug|x64.ActiveCfg = Debug|x64
		{30D6E278-D6E8-449D-A88E-5DCB34E7B63D}.Debug|x64.Build.0 = Debug|x64
		{30D6E278-D6E8-449D-A88E-5DCB34E7B63D}.Debug|x86.ActiveCfg = Debug|Win32
		{30D6E278-D6E8-449D-A88E-5DCB34E7B63D}.Debug|x86.Build.0 = Debug|Win32
		{30D6E278-D6E8-449D-A88E-5DCB34E7B63D}.Release|Any CPU.ActiveCfg = Release|Win32
		{30D6E278-D6E8-449D-A88E-5DCB34E7B63D}.Release|x64.ActiveCfg = Release|x64
		{30D6E278-D6E8-449D-A88E-5DCB34E7B63D}.Release|x64.Build.0 = Release|x64
		{30D6E278-D6E8-449D-A88E-5DCB34E7B63D}.Release|x86.ActiveCfg = Release|Win32
		{30D6E278-D6E8-449D-A88E-5DCB34E7B63D}.Release|x86.Build.0 = Release|Win32
		{D049311D-2344-4601-A4BF-1C08A6D318BD}.Debug|Any CPU.ActiveCfg = Debug|Win32
		{D049311D-2344-4601-A4BF-1C08A6D318BD}.Debug|x64.ActiveCfg = Debug|x64
		{D049311D-2344-4601-A4BF-1C08A6D318BD}.Debug|x64.Build.0 = Debug|x64
		{D049311D-2344-4601-A4BF-1C08A6D318BD}.Debug|x86.ActiveCfg = Debug|Win32
		{D049311D-2344-4601-A4BF-1C08A6D318BD}.Debug|x86.Build.0 = Debug|Win32
		{D049311D-2344-4601-A4BF-1C08A6D318BD}.Release|Any CPU.ActiveCfg = Release|Win32
		{D049311D-2344-4601-A4BF-1C08A6D318BD}.Release|x64.ActiveCfg = Release|x64
		{D049311D-2344-4601-A4BF-1C08A6D318BD}.Release|x64.Build.0 = Release|x64
		{D049311D-2344-4601-A4BF-1C08A6D318BD}.Release|x86.ActiveCfg = Release|Win32
		{D049311D-2344-4601-A4BF-1C08A6D318BD}.Release|x86.Build.0 = Release|Win32
		{2CCBF32C-61E2-4ED5-9185-7D5601C93937}.Debug|Any CPU.ActiveCfg = Debug|Any CPU
		{2CCBF32C-61E2-4ED5-9185-7D5601C93937}.Debug|Any CPU.Build.0 = Debug|Any CPU
		{2CCBF32C-61E2-4ED5-9185-7D5601C93937}.Debug|x64.ActiveCfg = Debug|Any CPU
		{2CCBF32C-61E2-4ED5-9185-7D5601C93937}.Debug|x64.Build.0 = Debug|Any CPU
		{2CCBF32C-61E2-4ED5-9185-7D5601C93937}.Debug|x86.ActiveCfg = Debug|Any CPU
		{2CCBF32C-61E2-4ED5-9185-7D5601C93937}.Debug|x86.Build.0 = Debug|Any CPU
		{2CCBF32C-61E2-4ED5-9185-7D5601C93937}.Release|Any CPU.ActiveCfg = Release|Any CPU
		{2CCBF32C-61E2-4ED5-9185-7D5601C93937}.Release|Any CPU.Build.0 = Release|Any CPU
		{2CCBF32C-61E2-4ED5-9185-7D5601C93937}.Release|x64.ActiveCfg = Release|Any CPU
		{2CCBF32C-61E2-4ED5-9185-7D5601C93937}.Release|x64.Build.0 = Release|Any CPU
		{2CCBF32C-61E2-4ED5-9185-7D5601C93937}.Release|x86.ActiveCfg = Release|Any CPU
		{2CCBF32C-61E2-4ED5-9185-7D5601C93937}.Release|x86.Build.0 = Release|Any CPU
		{D3EB9FD6-8E57-45D5-872D-07BFBC0C002C}.Debug|Any CPU.ActiveCfg = Debug|Any CPU
		{D3EB9FD6-8E57-45D5-872D-07BFBC0C002C}.Debug|Any CPU.Build.0 = Debug|Any CPU
		{D3EB9FD6-8E57-45D5-872D-07BFBC0C002C}.Debug|x64.ActiveCfg = Debug|Any CPU
		{D3EB9FD6-8E57-45D5-872D-07BFBC0C002C}.Debug|x64.Build.0 = Debug|Any CPU
		{D3EB9FD6-8E57-45D5-872D-07BFBC0C002C}.Debug|x86.ActiveCfg = Debug|Any CPU
		{D3EB9FD6-8E57-45D5-872D-07BFBC0C002C}.Debug|x86.Build.0 = Debug|Any CPU
		{D3EB9FD6-8E57-45D5-872D-07BFBC0C002C}.Release|Any CPU.ActiveCfg = Release|Any CPU
		{D3EB9FD6-8E57-45D5-872D-07BFBC0C002C}.Release|Any CPU.Build.0 = Release|Any CPU
		{D3EB9FD6-8E57-45D5-872D-07BFBC0C002C}.Release|x64.ActiveCfg = Release|Any CPU
		{D3EB9FD6-8E57-45D5-872D-07BFBC0C002C}.Release|x64.Build.0 = Release|Any CPU
		{D3EB9FD6-8E57-45D5-872D-07BFBC0C002C}.Release|x86.ActiveCfg = Release|Any CPU
		{D3EB9FD6-8E57-45D5-872D-07BFBC0C002C}.Release|x86.Build.0 = Release|Any CPU
		{8FE1540F-47F9-4B90-86B9-6F14D5D9E101}.Debug|Any CPU.ActiveCfg = Debug|Any CPU
		{8FE1540F-47F9-4B90-86B9-6F14D5D9E101}.Debug|Any CPU.Build.0 = Debug|Any CPU
		{8FE1540F-47F9-4B90-86B9-6F14D5D9E101}.Debug|x64.ActiveCfg = Debug|x64
		{8FE1540F-47F9-4B90-86B9-6F14D5D9E101}.Debug|x64.Build.0 = Debug|x64
		{8FE1540F-47F9-4B90-86B9-6F14D5D9E101}.Debug|x86.ActiveCfg = Debug|x86
		{8FE1540F-47F9-4B90-86B9-6F14D5D9E101}.Debug|x86.Build.0 = Debug|x86
		{8FE1540F-47F9-4B90-86B9-6F14D5D9E101}.Release|Any CPU.ActiveCfg = Release|Any CPU
		{8FE1540F-47F9-4B90-86B9-6F14D5D9E101}.Release|Any CPU.Build.0 = Release|Any CPU
		{8FE1540F-47F9-4B90-86B9-6F14D5D9E101}.Release|x64.ActiveCfg = Release|x64
		{8FE1540F-47F9-4B90-86B9-6F14D5D9E101}.Release|x64.Build.0 = Release|x64
		{8FE1540F-47F9-4B90-86B9-6F14D5D9E101}.Release|x86.ActiveCfg = Release|x86
		{8FE1540F-47F9-4B90-86B9-6F14D5D9E101}.Release|x86.Build.0 = Release|x86
		{29FC8FFB-A796-4EFA-9A67-54C0ECFAD0D4}.Debug|Any CPU.ActiveCfg = Debug|Any CPU
		{29FC8FFB-A796-4EFA-9A67-54C0ECFAD0D4}.Debug|Any CPU.Build.0 = Debug|Any CPU
		{29FC8FFB-A796-4EFA-9A67-54C0ECFAD0D4}.Debug|x64.ActiveCfg = Debug|x64
		{29FC8FFB-A796-4EFA-9A67-54C0ECFAD0D4}.Debug|x64.Build.0 = Debug|x64
		{29FC8FFB-A796-4EFA-9A67-54C0ECFAD0D4}.Debug|x86.ActiveCfg = Debug|x86
		{29FC8FFB-A796-4EFA-9A67-54C0ECFAD0D4}.Debug|x86.Build.0 = Debug|x86
		{29FC8FFB-A796-4EFA-9A67-54C0ECFAD0D4}.Release|Any CPU.ActiveCfg = Release|Any CPU
		{29FC8FFB-A796-4EFA-9A67-54C0ECFAD0D4}.Release|Any CPU.Build.0 = Release|Any CPU
		{29FC8FFB-A796-4EFA-9A67-54C0ECFAD0D4}.Release|x64.ActiveCfg = Release|x64
		{29FC8FFB-A796-4EFA-9A67-54C0ECFAD0D4}.Release|x64.Build.0 = Release|x64
		{29FC8FFB-A796-4EFA-9A67-54C0ECFAD0D4}.Release|x86.ActiveCfg = Release|x86
		{29FC8FFB-A796-4EFA-9A67-54C0ECFAD0D4}.Release|x86.Build.0 = Release|x86
	EndGlobalSection
	GlobalSection(SolutionProperties) = preSolution
		HideSolutionNode = FALSE
	EndGlobalSection
	GlobalSection(ExtensibilityGlobals) = postSolution
		SolutionGuid = {674B10AE-BD63-4FD4-BFC8-717A5CF0D1EC}
	EndGlobalSection
EndGlobal
